
Microsoft Visual Studio Solution File, Format Version 12.00
# Visual Studio Version 17
VisualStudioVersion = 17.14.36603.0
MinimumVisualStudioVersion = 10.0.40219.1
Project("{8BC9CEB8-8B4A-11D0-8D11-00A0C91BC942}") = "Sandbox", "Sandbox\Sandbox.vcxproj", "{C4652AF0-4411-45F2-849C-3B0D60728CF2}"
EndProject
Project("{8BC9CEB8-8B4A-11D0-8D11-00A0C91BC942}") = "Guava", "Guava\Guava.vcxproj", "{1911686A-4107-4560-A216-67B5F6C35C8F}"
EndProject
Global
	GlobalSection(SolutionConfigurationPlatforms) = preSolution
		Debug|x64 = Debug|x64
		Release|x64 = Release|x64
	EndGlobalSection
	GlobalSection(ProjectConfigurationPlatforms) = postSolution
		{1911686A-4107-4560-A216-67B5F6C35C8F}.Debug|x64.ActiveCfg = Debug|x64
		{1911686A-4107-4560-A216-67B5F6C35C8F}.Debug|x64.Build.0 = Debug|x64
		{1911686A-4107-4560-A216-67B5F6C35C8F}.Release|x64.ActiveCfg = Release|x64
		{1911686A-4107-4560-A216-67B5F6C35C8F}.Release|x64.Build.0 = Release|x64
		{C4652AF0-4411-45F2-849C-3B0D60728CF2}.Debug|x64.ActiveCfg = Debug|x64
		{C4652AF0-4411-45F2-849C-3B0D60728CF2}.Debug|x64.Build.0 = Debug|x64
		{C4652AF0-4411-45F2-849C-3B0D60728CF2}.Release|x64.ActiveCfg = Release|x64
		{C4652AF0-4411-45F2-849C-3B0D60728CF2}.Release|x64.Build.0 = Release|x64
	EndGlobalSection
	GlobalSection(SolutionProperties) = preSolution
		HideSolutionNode = FALSE
	EndGlobalSection
	GlobalSection(ExtensibilityGlobals) = postSolution
		SolutionGuid = {FEA7AE4D-B760-451C-8C02-49BCCFAA35A0}
	EndGlobalSection
EndGlobal
